{
  "nodes": {
    "flake-parts": {
      "inputs": {
        "nixpkgs-lib": "nixpkgs-lib"
      },
      "locked": {
        "lastModified": 1672877861,
        "narHash": "sha256-ROnSmsk5grROL6gnHBnSdqlPPBrBJMApCeB7xzY567M=",
        "owner": "hercules-ci",
        "repo": "flake-parts",
        "rev": "7930f5b1c356270cec420d4f4cb43f4907206640",
        "type": "github"
      },
      "original": {
        "owner": "hercules-ci",
        "repo": "flake-parts",
        "type": "github"
      }
    },
    "nixlib": {
      "locked": {
        "lastModified": 1636849918,
        "narHash": "sha256-nzUK6dPcTmNVrgTAC1EOybSMsrcx+QrVPyqRdyKLkjA=",
        "owner": "nix-community",
        "repo": "nixpkgs.lib",
        "rev": "28a5b0557f14124608db68d3ee1f77e9329e9dd5",
        "type": "github"
      },
      "original": {
        "owner": "nix-community",
        "repo": "nixpkgs.lib",
        "type": "github"
      }
    },
    "nixos-generators": {
      "inputs": {
        "nixlib": "nixlib",
        "nixpkgs": [
          "nixpkgs"
        ]
      },
      "locked": {
        "lastModified": 1672682641,
        "narHash": "sha256-940TLvtdT8YKuP5nXcPhUfNeK0A/leSjjG8hfqvWM84=",
        "owner": "nix-community",
        "repo": "nixos-generators",
        "rev": "30516cb2b01896e14ce66893e414b6e3eec71cac",
        "type": "github"
      },
      "original": {
        "owner": "nix-community",
        "repo": "nixos-generators",
        "type": "github"
      }
    },
    "nixpkgs": {
      "locked": {
        "lastModified": 1672616430,
        "narHash": "sha256-e18rRwDUaW/Uw1tBmtsVueJ2SVI5DLhrEGwhkIo+c50=",
        "owner": "NixOS",
        "repo": "nixpkgs",
        "rev": "0bf3109eeb61780965c27f4a0a4affdcd0cd4d3d",
        "type": "github"
      },
      "original": {
        "id": "stable",
        "type": "indirect"
      }
    },
    "nixpkgs-lib": {
      "locked": {
        "dir": "lib",
        "lastModified": 1672350804,
        "narHash": "sha256-jo6zkiCabUBn3ObuKXHGqqORUMH27gYDIFFfLq5P4wg=",
        "owner": "NixOS",
        "repo": "nixpkgs",
        "rev": "677ed08a50931e38382dbef01cba08a8f7eac8f6",
        "type": "github"
      },
      "original": {
        "dir": "lib",
        "owner": "NixOS",
        "ref": "nixos-unstable",
        "repo": "nixpkgs",
        "type": "github"
      }
    },
    "root": {
      "inputs": {
        "flake-parts": "flake-parts",
        "nixos-generators": "nixos-generators",
        "nixpkgs": "nixpkgs",
        "unstable": "unstable"
      }
    },
    "unstable": {
      "locked": {
        "lastModified": 1672617983,
        "narHash": "sha256-68WDiCBs631mbDDk4UAKdGURKcsfW6hjb7wgudTAe5o=",
        "owner": "NixOS",
        "repo": "nixpkgs",
        "rev": "0fc9fca9c8d43edd79d33fea0dd8409d7c4580f4",
        "type": "github"
      },
      "original": {
        "id": "unstable",
        "type": "indirect"
      }
    }
  },
  "root": "root",
  "version": 7
}
