{
  "nodes": {
    "epubinfo": {
      "inputs": {
        "flake-utils": [
          "flake-utils"
        ],
        "nixpkgs": "nixpkgs"
      },
      "locked": {
        "lastModified": 1680727476,
        "narHash": "sha256-JH6xugpXRrpZKPFsM9b7rNtR3F2rWBFX9/m+X/emvro=",
        "owner": "akirak",
        "repo": "epubinfo",
        "rev": "d613afea4b68ef5bae943b11e6e0fa3b0bb72719",
        "type": "github"
      },
      "original": {
        "owner": "akirak",
        "repo": "epubinfo",
        "type": "github"
      }
    },
    "flake-parts": {
      "inputs": {
        "nixpkgs-lib": "nixpkgs-lib"
      },
      "locked": {
        "lastModified": 1680392223,
        "narHash": "sha256-n3g7QFr85lDODKt250rkZj2IFS3i4/8HBU2yKHO3tqw=",
        "owner": "hercules-ci",
        "repo": "flake-parts",
        "rev": "dcc36e45d054d7bb554c9cdab69093debd91a0b5",
        "type": "github"
      },
      "original": {
        "owner": "hercules-ci",
        "repo": "flake-parts",
        "type": "github"
      }
    },
    "flake-utils": {
      "inputs": {
        "systems": "systems"
      },
      "locked": {
        "lastModified": 1681202837,
        "narHash": "sha256-H+Rh19JDwRtpVPAWp64F+rlEtxUWBAQW28eAi3SRSzg=",
        "owner": "numtide",
        "repo": "flake-utils",
        "rev": "cfacdce06f30d2b68473a46042957675eebb3401",
        "type": "github"
      },
      "original": {
        "id": "flake-utils",
        "type": "indirect"
      }
    },
    "nixpkgs": {
      "locked": {
        "lastModified": 1671525405,
        "narHash": "sha256-MEgNxm/oRt5w4ycMENewfZQKOak0ixmjVPfXM96N1FA=",
        "owner": "NixOS",
        "repo": "nixpkgs",
        "rev": "cbe419ed4c8f98bd82d169c321d339ea30904f1f",
        "type": "github"
      },
      "original": {
        "id": "nixpkgs",
        "type": "indirect"
      }
    },
    "nixpkgs-lib": {
      "locked": {
        "dir": "lib",
        "lastModified": 1680213900,
        "narHash": "sha256-cIDr5WZIj3EkKyCgj/6j3HBH4Jj1W296z7HTcWj1aMA=",
        "owner": "NixOS",
        "repo": "nixpkgs",
        "rev": "e3652e0735fbec227f342712f180f4f21f0594f2",
        "type": "github"
      },
      "original": {
        "dir": "lib",
        "owner": "NixOS",
        "ref": "nixos-unstable",
        "repo": "nixpkgs",
        "type": "github"
      }
    },
    "nixpkgs_2": {
      "locked": {
        "lastModified": 1682453498,
        "narHash": "sha256-WoWiAd7KZt5Eh6n+qojcivaVpnXKqBsVgpixpV2L9CE=",
        "owner": "NixOS",
        "repo": "nixpkgs",
        "rev": "c8018361fa1d1650ee8d4b96294783cf564e8a7f",
        "type": "github"
      },
      "original": {
        "owner": "NixOS",
        "ref": "nixos-unstable",
        "repo": "nixpkgs",
        "type": "github"
      }
    },
    "nixpkgs_3": {
      "locked": {
        "lastModified": 1642609835,
        "narHash": "sha256-ZwJnV4mdis28u5vH240ec2mrApuEJYJekn23qlTwJ8c=",
        "owner": "NixOS",
        "repo": "nixpkgs",
        "rev": "77aa71f66fd05d9e7b7d1c084865d703a8008ab7",
        "type": "github"
      },
      "original": {
        "id": "nixpkgs",
        "ref": "nixos-21.11",
        "type": "indirect"
      }
    },
    "node2nix": {
      "flake": false,
      "locked": {
        "lastModified": 1682558263,
        "narHash": "sha256-FQnGCtvZHUxzJpdP04FlBvgGXJcmM7jyAy27OLmmGXc=",
        "owner": "akirak",
        "repo": "node2nix",
        "rev": "f7fe751aeaab334d223420b4c4dc9f5dc32c8501",
        "type": "github"
      },
      "original": {
        "owner": "akirak",
        "ref": "develop",
        "repo": "node2nix",
        "type": "github"
      }
    },
    "root": {
      "inputs": {
        "epubinfo": "epubinfo",
        "flake-parts": "flake-parts",
        "flake-utils": "flake-utils",
        "nixpkgs": "nixpkgs_2",
        "node2nix": "node2nix",
        "squasher": "squasher",
        "zsh-fast-syntax-highlighting": "zsh-fast-syntax-highlighting",
        "zsh-fzy": "zsh-fzy",
        "zsh-history-filter": "zsh-history-filter",
        "zsh-nix-shell": "zsh-nix-shell"
      }
    },
    "squasher": {
      "inputs": {
        "nixpkgs": "nixpkgs_3"
      },
      "locked": {
        "lastModified": 1652455068,
        "narHash": "sha256-Rbpo0JwEZbIOM8nTL0ZSbK7Oa9JHXUKxQCq0uGT2vtM=",
        "owner": "akirak",
        "repo": "squasher",
        "rev": "32bfe4bf0c55395511522db96a6a15ed366881c9",
        "type": "github"
      },
      "original": {
        "owner": "akirak",
        "repo": "squasher",
        "type": "github"
      }
    },
    "systems": {
      "locked": {
        "lastModified": 1681028828,
        "narHash": "sha256-Vy1rq5AaRuLzOxct8nz4T6wlgyUR7zLU309k9mBC768=",
        "owner": "nix-systems",
        "repo": "default",
        "rev": "da67096a3b9bf56a91d16901293e51ba5b49a27e",
        "type": "github"
      },
      "original": {
        "owner": "nix-systems",
        "repo": "default",
        "type": "github"
      }
    },
    "zsh-fast-syntax-highlighting": {
      "flake": false,
      "locked": {
        "lastModified": 1680505133,
        "narHash": "sha256-AmsexwVombgVmRvl4O9Kd/WbnVJHPTXETxBv18PDHz4=",
        "owner": "zdharma-continuum",
        "repo": "fast-syntax-highlighting",
        "rev": "13d7b4e63468307b6dcb2dadf6150818f242cbff",
        "type": "github"
      },
      "original": {
        "owner": "zdharma-continuum",
        "repo": "fast-syntax-highlighting",
        "type": "github"
      }
    },
    "zsh-fzy": {
      "flake": false,
      "locked": {
        "lastModified": 1610699933,
        "narHash": "sha256-C5cflRJqi+T53izr2PBJsFW6X3CVgIlY+hGT3ODC9lI=",
        "owner": "aperezdc",
        "repo": "zsh-fzy",
        "rev": "519327d9990fbea50f71649e378e650f594bb39b",
        "type": "github"
      },
      "original": {
        "owner": "aperezdc",
        "repo": "zsh-fzy",
        "type": "github"
      }
    },
    "zsh-history-filter": {
      "flake": false,
      "locked": {
        "lastModified": 1617627915,
        "narHash": "sha256-DSq/4j4KEtirrjB3nW8fR7BOFtLdaLhlnIMv2A6Ec6s=",
        "owner": "MichaelAquilina",
        "repo": "zsh-history-filter",
        "rev": "49d7987f093374fb72f0f7eef2d63e641085a226",
        "type": "github"
      },
      "original": {
        "owner": "MichaelAquilina",
        "repo": "zsh-history-filter",
        "type": "github"
      }
    },
    "zsh-nix-shell": {
      "flake": false,
      "locked": {
        "lastModified": 1680886744,
        "narHash": "sha256-B0mdmIqefbm5H8wSG1h41c/J4shA186OyqvivmSK42Q=",
        "owner": "chisui",
        "repo": "zsh-nix-shell",
        "rev": "1834762686241fb3a842d179f1a0712cffa8f7d3",
        "type": "github"
      },
      "original": {
        "owner": "chisui",
        "repo": "zsh-nix-shell",
        "type": "github"
      }
    }
  },
  "root": "root",
  "version": 7
}
