{
  "nodes": {
    "cachix": {
      "inputs": {
        "devenv": "devenv",
        "flake-compat": "flake-compat",
        "hnix-store-core": "hnix-store-core",
        "nixpkgs": "nixpkgs_2"
      },
      "locked": {
        "lastModified": 1679144949,
        "narHash": "sha256-xhLCsAkz5c+XIqQ4eGY9bSp3zBgCDCaHXZ2HLk8vqmE=",
        "owner": "cachix",
        "repo": "cachix",
        "rev": "c8f0d787939c93cc686c2604f7d024e631e4a00d",
        "type": "github"
      },
      "original": {
        "owner": "cachix",
        "ref": "v1.3.3",
        "repo": "cachix",
        "type": "github"
      }
    },
    "cachix-push": {
      "inputs": {
        "cachix": "cachix",
        "devour-flake": "devour-flake"
      },
      "locked": {
        "lastModified": 1717440912,
        "narHash": "sha256-vluWC17tAqD426W+e/TIwrTr9VSVqFljhgjNN2ovOog=",
        "owner": "juspay",
        "repo": "cachix-push",
        "rev": "b716fd47bd76e7be1d20e4310f066ca01b43b230",
        "type": "github"
      },
      "original": {
        "owner": "juspay",
        "repo": "cachix-push",
        "type": "github"
      }
    },
    "devenv": {
      "inputs": {
        "flake-compat": [
          "cachix-push",
          "cachix",
          "flake-compat"
        ],
        "nix": "nix",
        "nixpkgs": "nixpkgs",
        "pre-commit-hooks": "pre-commit-hooks"
      },
      "locked": {
        "lastModified": 1678184100,
        "narHash": "sha256-6R0LmBiS2E6CApdqqFpY2IBXDAg2RQ2JHBkJOLMxXsY=",
        "owner": "cachix",
        "repo": "devenv",
        "rev": "b9e0ace80abd0ca5631ab5df7d6562ba9d8af50c",
        "type": "github"
      },
      "original": {
        "owner": "cachix",
        "repo": "devenv",
        "type": "github"
      }
    },
    "devour-flake": {
      "flake": false,
      "locked": {
        "lastModified": 1682445319,
        "narHash": "sha256-TTWt0MNxCjW6Rc0z8Li0X3O7wdAj1tr7tnPHxERb0p0=",
        "owner": "srid",
        "repo": "devour-flake",
        "rev": "6cd32c62c4d7ef76f6e8534ae578a395af6cafce",
        "type": "github"
      },
      "original": {
        "owner": "srid",
        "repo": "devour-flake",
        "type": "github"
      }
    },
    "epubinfo": {
      "inputs": {
        "flake-utils": [
          "flake-utils"
        ],
        "nixpkgs": "nixpkgs_3"
      },
      "locked": {
        "lastModified": 1716261929,
        "narHash": "sha256-V+kwAF4+6ZkDuH2hpwC4X2qqekEn0pwgnLPm5rT4G20=",
        "owner": "akirak",
        "repo": "epubinfo",
        "rev": "c6000cbf87bbaf3fe0834fc1b4b614aa656cb6bd",
        "type": "github"
      },
      "original": {
        "owner": "akirak",
        "repo": "epubinfo",
        "type": "github"
      }
    },
    "flake-compat": {
      "flake": false,
      "locked": {
        "lastModified": 1673956053,
        "narHash": "sha256-4gtG9iQuiKITOjNQQeQIpoIB6b16fm+504Ch3sNKLd8=",
        "owner": "edolstra",
        "repo": "flake-compat",
        "rev": "35bb57c0c8d8b62bbfd284272c928ceb64ddbde9",
        "type": "github"
      },
      "original": {
        "owner": "edolstra",
        "repo": "flake-compat",
        "type": "github"
      }
    },
    "flake-parts": {
      "inputs": {
        "nixpkgs-lib": "nixpkgs-lib"
      },
      "locked": {
        "lastModified": 1717285511,
        "narHash": "sha256-iKzJcpdXih14qYVcZ9QC9XuZYnPc6T8YImb6dX166kw=",
        "owner": "hercules-ci",
        "repo": "flake-parts",
        "rev": "2a55567fcf15b1b1c7ed712a2c6fadaec7412ea8",
        "type": "github"
      },
      "original": {
        "owner": "hercules-ci",
        "repo": "flake-parts",
        "type": "github"
      }
    },
    "flake-utils": {
      "locked": {
        "lastModified": 1667395993,
        "narHash": "sha256-nuEHfE/LcWyuSWnS8t12N1wc105Qtau+/OdUAjtQ0rA=",
        "owner": "numtide",
        "repo": "flake-utils",
        "rev": "5aed5285a952e0b949eb3ba02c12fa4fcfef535f",
        "type": "github"
      },
      "original": {
        "owner": "numtide",
        "repo": "flake-utils",
        "type": "github"
      }
    },
    "flake-utils_2": {
      "inputs": {
        "systems": "systems"
      },
      "locked": {
        "lastModified": 1710146030,
        "narHash": "sha256-SZ5L6eA7HJ/nmkzGG7/ISclqe6oZdOZTNoesiInkXPQ=",
        "owner": "numtide",
        "repo": "flake-utils",
        "rev": "b1d9ab70662946ef0850d488da1c9019f3a9752a",
        "type": "github"
      },
      "original": {
        "id": "flake-utils",
        "type": "indirect"
      }
    },
    "gitignore": {
      "inputs": {
        "nixpkgs": [
          "cachix-push",
          "cachix",
          "devenv",
          "pre-commit-hooks",
          "nixpkgs"
        ]
      },
      "locked": {
        "lastModified": 1660459072,
        "narHash": "sha256-8DFJjXG8zqoONA1vXtgeKXy68KdJL5UaXR8NtVMUbx8=",
        "owner": "hercules-ci",
        "repo": "gitignore.nix",
        "rev": "a20de23b925fd8264fd7fad6454652e142fd7f73",
        "type": "github"
      },
      "original": {
        "owner": "hercules-ci",
        "repo": "gitignore.nix",
        "type": "github"
      }
    },
    "hnix-store-core": {
      "flake": false,
      "locked": {
        "lastModified": 1672658037,
        "narHash": "sha256-UOe+dY1dhCvdEKjPF1gNpfc4cNhZSKSbvu4yG+XVqbg=",
        "owner": "haskell-nix",
        "repo": "hnix-store",
        "rev": "81700e6e7c53bbd7c6b2c4913b9481e5827af92f",
        "type": "github"
      },
      "original": {
        "owner": "haskell-nix",
        "ref": "core-0.6.1.0",
        "repo": "hnix-store",
        "type": "github"
      }
    },
    "lowdown-src": {
      "flake": false,
      "locked": {
        "lastModified": 1633514407,
        "narHash": "sha256-Dw32tiMjdK9t3ETl5fzGrutQTzh2rufgZV4A/BbxuD4=",
        "owner": "kristapsdz",
        "repo": "lowdown",
        "rev": "d2c2b44ff6c27b936ec27358a2653caaef8f73b8",
        "type": "github"
      },
      "original": {
        "owner": "kristapsdz",
        "repo": "lowdown",
        "type": "github"
      }
    },
    "nix": {
      "inputs": {
        "lowdown-src": "lowdown-src",
        "nixpkgs": [
          "cachix-push",
          "cachix",
          "devenv",
          "nixpkgs"
        ],
        "nixpkgs-regression": "nixpkgs-regression"
      },
      "locked": {
        "lastModified": 1676545802,
        "narHash": "sha256-EK4rZ+Hd5hsvXnzSzk2ikhStJnD63odF7SzsQ8CuSPU=",
        "owner": "domenkozar",
        "repo": "nix",
        "rev": "7c91803598ffbcfe4a55c44ac6d49b2cf07a527f",
        "type": "github"
      },
      "original": {
        "owner": "domenkozar",
        "ref": "relaxed-flakes",
        "repo": "nix",
        "type": "github"
      }
    },
    "nixpkgs": {
      "locked": {
        "lastModified": 1677534593,
        "narHash": "sha256-PuZSAHeq4/9pP/uYH1FcagQ3nLm/DrDrvKi/xC9glvw=",
        "owner": "NixOS",
        "repo": "nixpkgs",
        "rev": "3ad64d9e2d5bf80c877286102355b1625891ae9a",
        "type": "github"
      },
      "original": {
        "owner": "NixOS",
        "ref": "nixpkgs-unstable",
        "repo": "nixpkgs",
        "type": "github"
      }
    },
    "nixpkgs-lib": {
      "locked": {
        "lastModified": 1717284937,
        "narHash": "sha256-lIbdfCsf8LMFloheeE6N31+BMIeixqyQWbSr2vk79EQ=",
        "type": "tarball",
        "url": "https://github.com/NixOS/nixpkgs/archive/eb9ceca17df2ea50a250b6b27f7bf6ab0186f198.tar.gz"
      },
      "original": {
        "type": "tarball",
        "url": "https://github.com/NixOS/nixpkgs/archive/eb9ceca17df2ea50a250b6b27f7bf6ab0186f198.tar.gz"
      }
    },
    "nixpkgs-regression": {
      "locked": {
        "lastModified": 1643052045,
        "narHash": "sha256-uGJ0VXIhWKGXxkeNnq4TvV3CIOkUJ3PAoLZ3HMzNVMw=",
        "owner": "NixOS",
        "repo": "nixpkgs",
        "rev": "215d4d0fd80ca5163643b03a33fde804a29cc1e2",
        "type": "github"
      },
      "original": {
        "owner": "NixOS",
        "repo": "nixpkgs",
        "rev": "215d4d0fd80ca5163643b03a33fde804a29cc1e2",
        "type": "github"
      }
    },
    "nixpkgs-stable": {
      "locked": {
        "lastModified": 1673800717,
        "narHash": "sha256-SFHraUqLSu5cC6IxTprex/nTsI81ZQAtDvlBvGDWfnA=",
        "owner": "NixOS",
        "repo": "nixpkgs",
        "rev": "2f9fd351ec37f5d479556cd48be4ca340da59b8f",
        "type": "github"
      },
      "original": {
        "owner": "NixOS",
        "ref": "nixos-22.11",
        "repo": "nixpkgs",
        "type": "github"
      }
    },
    "nixpkgs_2": {
      "locked": {
        "lastModified": 1678072060,
        "narHash": "sha256-6a9Tbjhir5HxDx4uw0u6Z+LHUfYf7tsT9QxF9FN/32w=",
        "owner": "NixOS",
        "repo": "nixpkgs",
        "rev": "47c003416297e4d59a5e3e7a8b15cdbdf5110560",
        "type": "github"
      },
      "original": {
        "owner": "NixOS",
        "ref": "nixos-22.11",
        "repo": "nixpkgs",
        "type": "github"
      }
    },
    "nixpkgs_3": {
      "locked": {
        "lastModified": 1697777081,
        "narHash": "sha256-n2vQARhKevRGyeo+LAa8g+CdUQsdH/caNk8jnylcPhY=",
        "owner": "NixOS",
        "repo": "nixpkgs",
        "rev": "679cadfdfed2b90311a247b2d6ef6dfd3d6cab73",
        "type": "github"
      },
      "original": {
        "id": "nixpkgs",
        "type": "indirect"
      }
    },
    "nixpkgs_4": {
      "locked": {
        "lastModified": 1718895438,
        "narHash": "sha256-k3JqJrkdoYwE3fHE6xGDY676AYmyh4U2Zw+0Bwe5DLU=",
        "owner": "NixOS",
        "repo": "nixpkgs",
        "rev": "d603719ec6e294f034936c0d0dc06f689d91b6c3",
        "type": "github"
      },
      "original": {
        "owner": "NixOS",
        "ref": "nixos-unstable",
        "repo": "nixpkgs",
        "type": "github"
      }
    },
    "nixpkgs_5": {
      "locked": {
        "lastModified": 1642609835,
        "narHash": "sha256-ZwJnV4mdis28u5vH240ec2mrApuEJYJekn23qlTwJ8c=",
        "owner": "NixOS",
        "repo": "nixpkgs",
        "rev": "77aa71f66fd05d9e7b7d1c084865d703a8008ab7",
        "type": "github"
      },
      "original": {
        "id": "nixpkgs",
        "ref": "nixos-21.11",
        "type": "indirect"
      }
    },
    "node2nix": {
      "flake": false,
      "locked": {
        "lastModified": 1705330609,
        "narHash": "sha256-WFsVT3M8Pq6EjH1wl631eTF+Der+IoyOYNYUbwiVaPM=",
        "owner": "akirak",
        "repo": "node2nix",
        "rev": "2345e29ffd251e16309f52aad759f42d1cc4458c",
        "type": "github"
      },
      "original": {
        "owner": "akirak",
        "ref": "develop",
        "repo": "node2nix",
        "type": "github"
      }
    },
    "pre-commit-hooks": {
      "inputs": {
        "flake-compat": [
          "cachix-push",
          "cachix",
          "devenv",
          "flake-compat"
        ],
        "flake-utils": "flake-utils",
        "gitignore": "gitignore",
        "nixpkgs": [
          "cachix-push",
          "cachix",
          "devenv",
          "nixpkgs"
        ],
        "nixpkgs-stable": "nixpkgs-stable"
      },
      "locked": {
        "lastModified": 1677160285,
        "narHash": "sha256-tBzpCjMP+P3Y3nKLYvdBkXBg3KvTMo3gvi8tLQaqXVY=",
        "owner": "cachix",
        "repo": "pre-commit-hooks.nix",
        "rev": "2bd861ab81469428d9c823ef72c4bb08372dd2c4",
        "type": "github"
      },
      "original": {
        "owner": "cachix",
        "repo": "pre-commit-hooks.nix",
        "type": "github"
      }
    },
    "root": {
      "inputs": {
        "cachix-push": "cachix-push",
        "epubinfo": "epubinfo",
        "flake-parts": "flake-parts",
        "flake-utils": "flake-utils_2",
        "nixpkgs": "nixpkgs_4",
        "node2nix": "node2nix",
        "squasher": "squasher",
        "zsh-fast-syntax-highlighting": "zsh-fast-syntax-highlighting",
        "zsh-fzy": "zsh-fzy",
        "zsh-history-filter": "zsh-history-filter",
        "zsh-nix-shell": "zsh-nix-shell"
      }
    },
    "squasher": {
      "inputs": {
        "nixpkgs": "nixpkgs_5"
      },
      "locked": {
        "lastModified": 1652455068,
        "narHash": "sha256-Rbpo0JwEZbIOM8nTL0ZSbK7Oa9JHXUKxQCq0uGT2vtM=",
        "owner": "akirak",
        "repo": "squasher",
        "rev": "32bfe4bf0c55395511522db96a6a15ed366881c9",
        "type": "github"
      },
      "original": {
        "owner": "akirak",
        "repo": "squasher",
        "type": "github"
      }
    },
    "systems": {
      "locked": {
        "lastModified": 1681028828,
        "narHash": "sha256-Vy1rq5AaRuLzOxct8nz4T6wlgyUR7zLU309k9mBC768=",
        "owner": "nix-systems",
        "repo": "default",
        "rev": "da67096a3b9bf56a91d16901293e51ba5b49a27e",
        "type": "github"
      },
      "original": {
        "owner": "nix-systems",
        "repo": "default",
        "type": "github"
      }
    },
    "zsh-fast-syntax-highlighting": {
      "flake": false,
      "locked": {
        "lastModified": 1688591419,
        "narHash": "sha256-RVX9ZSzjBW3LpFs2W86lKI6vtcvDWP6EPxzeTcRZua4=",
        "owner": "zdharma-continuum",
        "repo": "fast-syntax-highlighting",
        "rev": "cf318e06a9b7c9f2219d78f41b46fa6e06011fd9",
        "type": "github"
      },
      "original": {
        "owner": "zdharma-continuum",
        "repo": "fast-syntax-highlighting",
        "type": "github"
      }
    },
    "zsh-fzy": {
      "flake": false,
      "locked": {
        "lastModified": 1610699933,
        "narHash": "sha256-C5cflRJqi+T53izr2PBJsFW6X3CVgIlY+hGT3ODC9lI=",
        "owner": "aperezdc",
        "repo": "zsh-fzy",
        "rev": "519327d9990fbea50f71649e378e650f594bb39b",
        "type": "github"
      },
      "original": {
        "owner": "aperezdc",
        "repo": "zsh-fzy",
        "type": "github"
      }
    },
    "zsh-history-filter": {
      "flake": false,
      "locked": {
        "lastModified": 1617627915,
        "narHash": "sha256-DSq/4j4KEtirrjB3nW8fR7BOFtLdaLhlnIMv2A6Ec6s=",
        "owner": "MichaelAquilina",
        "repo": "zsh-history-filter",
        "rev": "49d7987f093374fb72f0f7eef2d63e641085a226",
        "type": "github"
      },
      "original": {
        "owner": "MichaelAquilina",
        "repo": "zsh-history-filter",
        "type": "github"
      }
    },
    "zsh-nix-shell": {
      "flake": false,
      "locked": {
        "lastModified": 1704028593,
        "narHash": "sha256-Rtg8kWVLhXRuD2/Ctbtgz9MQCtKZOLpAIdommZhXKdE=",
        "owner": "chisui",
        "repo": "zsh-nix-shell",
        "rev": "82ca15e638cc208e6d8368e34a1625ed75e08f90",
        "type": "github"
      },
      "original": {
        "owner": "chisui",
        "repo": "zsh-nix-shell",
        "type": "github"
      }
    }
  },
  "root": "root",
  "version": 7
}
